
Microsoft Visual Studio Solution File, Format Version 12.00
# Visual Studio Version 16
VisualStudioVersion = 16.0.31702.278
MinimumVisualStudioVersion = 10.0.40219.1
Project("{FAE04EC0-301F-11D3-BF4B-00C04F79EFBC}") = "WebApplication2", "WebApplication2\WebApplication2.csproj", "{439A33B7-4FE8-4F77-AB15-0A854CB16483}"
EndProject
Project("{FAE04EC0-301F-11D3-BF4B-00C04F79EFBC}") = "WebApplication2.Data", "WebApplication2.Data\WebApplication2.Data.csproj", "{715F380F-8ED8-4560-B650-665365701F9E}"
EndProject
Project("{FAE04EC0-301F-11D3-BF4B-00C04F79EFBC}") = "WebApplication2.Services", "WebApplication2.Services\WebApplication2.Services.csproj", "{1F957C14-AB2A-4A57-9035-DA362D517405}"
EndProject
Global
	GlobalSection(SolutionConfigurationPlatforms) = preSolution
		Debug|Any CPU = Debug|Any CPU
		Release|Any CPU = Release|Any CPU
	EndGlobalSection
	GlobalSection(ProjectConfigurationPlatforms) = postSolution
		{439A33B7-4FE8-4F77-AB15-0A854CB16483}.Debug|Any CPU.ActiveCfg = Debug|Any CPU
		{439A33B7-4FE8-4F77-AB15-0A854CB16483}.Debug|Any CPU.Build.0 = Debug|Any CPU
		{439A33B7-4FE8-4F77-AB15-0A854CB16483}.Release|Any CPU.ActiveCfg = Release|Any CPU
		{439A33B7-4FE8-4F77-AB15-0A854CB16483}.Release|Any CPU.Build.0 = Release|Any CPU
		{715F380F-8ED8-4560-B650-665365701F9E}.Debug|Any CPU.ActiveCfg = Debug|Any CPU
		{715F380F-8ED8-4560-B650-665365701F9E}.Debug|Any CPU.Build.0 = Debug|Any CPU
		{715F380F-8ED8-4560-B650-665365701F9E}.Release|Any CPU.ActiveCfg = Release|Any CPU
		{715F380F-8ED8-4560-B650-665365701F9E}.Release|Any CPU.Build.0 = Release|Any CPU
		{1F957C14-AB2A-4A57-9035-DA362D517405}.Debug|Any CPU.ActiveCfg = Debug|Any CPU
		{1F957C14-AB2A-4A57-9035-DA362D517405}.Debug|Any CPU.Build.0 = Debug|Any CPU
		{1F957C14-AB2A-4A57-9035-DA362D517405}.Release|Any CPU.ActiveCfg = Release|Any CPU
		{1F957C14-AB2A-4A57-9035-DA362D517405}.Release|Any CPU.Build.0 = Release|Any CPU
	EndGlobalSection
	GlobalSection(SolutionProperties) = preSolution
		HideSolutionNode = FALSE
	EndGlobalSection
	GlobalSection(ExtensibilityGlobals) = postSolution
		SolutionGuid = {08108795-1652-4566-AA29-A0849B1405E6}
	EndGlobalSection
EndGlobal
